
Microsoft Visual Studio Solution File, Format Version 12.00
# Visual Studio Version 17
VisualStudioVersion = 17.7.34009.444
MinimumVisualStudioVersion = 10.0.40219.1
Project("{9A19103F-16F7-4668-BE54-9A1E7A4F7556}") = "QuickImgShare", "QuickImgShare\QuickImgShare.csproj", "{6E35F8B0-21FC-4339-9A67-1D30E4E81BC4}"
EndProject
Global
	GlobalSection(SolutionConfigurationPlatforms) = preSolution
		Debug|Any CPU = Debug|Any CPU
		Debug|ARM64 = Debug|ARM64
		Debug|x64 = Debug|x64
		Release|Any CPU = Release|Any CPU
		Release|ARM64 = Release|ARM64
		Release|x64 = Release|x64
	EndGlobalSection
	GlobalSection(ProjectConfigurationPlatforms) = postSolution
		{6E35F8B0-21FC-4339-9A67-1D30E4E81BC4}.Debug|Any CPU.ActiveCfg = Debug|Any CPU
		{6E35F8B0-21FC-4339-9A67-1D30E4E81BC4}.Debug|Any CPU.Build.0 = Debug|Any CPU
		{6E35F8B0-21FC-4339-9A67-1D30E4E81BC4}.Debug|ARM64.ActiveCfg = Debug|Any CPU
		{6E35F8B0-21FC-4339-9A67-1D30E4E81BC4}.Debug|ARM64.Build.0 = Debug|Any CPU
		{6E35F8B0-21FC-4339-9A67-1D30E4E81BC4}.Debug|x64.ActiveCfg = Debug|x64
		{6E35F8B0-21FC-4339-9A67-1D30E4E81BC4}.Debug|x64.Build.0 = Debug|x64
		{6E35F8B0-21FC-4339-9A67-1D30E4E81BC4}.Release|Any CPU.ActiveCfg = Release|Any CPU
		{6E35F8B0-21FC-4339-9A67-1D30E4E81BC4}.Release|Any CPU.Build.0 = Release|Any CPU
		{6E35F8B0-21FC-4339-9A67-1D30E4E81BC4}.Release|ARM64.ActiveCfg = Release|ARM64
		{6E35F8B0-21FC-4339-9A67-1D30E4E81BC4}.Release|ARM64.Build.0 = Release|ARM64
		{6E35F8B0-21FC-4339-9A67-1D30E4E81BC4}.Release|x64.ActiveCfg = Release|x64
		{6E35F8B0-21FC-4339-9A67-1D30E4E81BC4}.Release|x64.Build.0 = Release|x64
	EndGlobalSection
	GlobalSection(SolutionProperties) = preSolution
		HideSolutionNode = FALSE
	EndGlobalSection
	GlobalSection(ExtensibilityGlobals) = postSolution
		SolutionGuid = {1015C088-3742-4E79-80D5-6B63B8BC387A}
	EndGlobalSection
EndGlobal
